PODS:
  - IPaAVPlayer (3.0):
    - IPaAVPlayer/Core (= 3.0)
    - IPaAVPlayer/IPaAVPlayerView (= 3.0)
  - IPaAVPlayer/Core (3.0)
  - IPaAVPlayer/IPaAVPlayerView (3.0):
    - IPaAVPlayer/Core
  - IPaKeyChain (2.3)
  - IPaLog (3.0)
  - IPaSecurity (4.0):
    - IPaLog (~> 3.0)
  - IPaStoryboardSegues (2.9)
  - IPaURLResourceUI (5.3):
    - IPaLog
    - IPaXMLSection (~> 2.1)
  - IPaXMLSection (2.1):
    - IPaLog

DEPENDENCIES:
  - IPaAVPlayer
  - IPaKeyChain
  - IPaLog
  - IPaSecurity
  - IPaStoryboardSegues
  - IPaURLResourceUI

SPEC REPOS:
  https://github.com/ipapamagic/IPaPods.git:
    - IPaAVPlayer
    - IPaKeyChain
    - IPaLog
    - IPaSecurity
    - IPaStoryboardSegues
    - IPaURLResourceUI
    - IPaXMLSection

SPEC CHECKSUMS:
  IPaAVPlayer: dc2981b58cfa32392026ecdf15d485913b8229e3
  IPaKeyChain: e58a1bee55c13d1d1b397b95cd1699db61f76e65
  IPaLog: cf733c32ff559566db380a838a240775bf0867b6
  IPaSecurity: 7c20aaafecf3025e02698996ace6f0d5e461b230
  IPaStoryboardSegues: 963a172398cc22f7058ac09a04c9cc8a809f5d46
  IPaURLResourceUI: 597fe546af72710be62c19da216ad9254fad0123
  IPaXMLSection: e0c279591f027446015b9e1f134f771cb3218f3b

PODFILE CHECKSUM: 7c96aad1404d02cf016490a012f09b13885491cc

COCOAPODS: 1.11.3
